{
  "name": "node",
  "lockfileVersion": 3,
  "requires": true,
  "packages": {
    "": {
      "dependencies": {
        "package.json": "^2.0.1"
      }
    },
    "node_modules/abs": {
      "version": "1.3.14",
      "resolved": "https://registry.npmjs.org/abs/-/abs-1.3.14.tgz",
      "integrity": "sha512-PrS26IzwKLWwuURpiKl8wRmJ2KdR/azaVrLEBWG/TALwT20Y7qjtYp1qcMLHA4206hBHY5phv3w4pjf9NPv4Vw==",
      "dependencies": {
        "ul": "^5.0.0"
      }
    },
    "node_modules/capture-stack-trace": {
      "version": "1.0.2",
      "resolved": "https://registry.npmjs.org/capture-stack-trace/-/capture-stack-trace-1.0.2.tgz",
      "integrity": "sha512-X/WM2UQs6VMHUtjUDnZTRI+i1crWteJySFzr9UpGoQa4WQffXVTTXuekjl7TjZRlcF2XfjgITT0HxZ9RnxeT0w==",
      "engines": {
        "node": ">=0.10.0"
      },
      "funding": {
        "url": "https://github.com/sponsors/sindresorhus"
      }
    },
    "node_modules/core-util-is": {
      "version": "1.0.3",
      "resolved": "https://registry.npmjs.org/core-util-is/-/core-util-is-1.0.3.tgz",
      "integrity": "sha512-ZQBvi1DcpJ4GDqanjucZ2Hj3wEO5pZDS89BWbkcrvdxksJorwUDDZamX9ldFkp9aw2lmBDLgkObEA4DWNJ9FYQ=="
    },
    "node_modules/create-error-class": {
      "version": "3.0.2",
      "resolved": "https://registry.npmjs.org/create-error-class/-/create-error-class-3.0.2.tgz",
      "integrity": "sha512-gYTKKexFO3kh200H1Nit76sRwRtOY32vQd3jpAQKpLtZqyNsSQNfI4N7o3eP2wUjV35pTWKRYqFUDBvUha/Pkw==",
      "dependencies": {
        "capture-stack-trace": "^1.0.0"
      },
      "engines": {
        "node": ">=0.10.0"
      }
    },
    "node_modules/deep-extend": {
      "version": "0.6.0",
      "resolved": "https://registry.npmjs.org/deep-extend/-/deep-extend-0.6.0.tgz",
      "integrity": "sha512-LOHxIOaPYdHlJRtCQfDIVZtfw/ufM8+rVj649RIHzcm/vGwQRXFt6OPqIFWsm2XEMrNIEtWR64sY1LEKD2vAOA==",
      "engines": {
        "node": ">=4.0.0"
      }
    },
    "node_modules/deffy": {
      "version": "2.2.4",
      "resolved": "https://registry.npmjs.org/deffy/-/deffy-2.2.4.tgz",
      "integrity": "sha512-pLc9lsbsWjr6RxmJ2OLyvm+9l4j1yK69h+TML/gUit/t3vTijpkNGh8LioaJYTGO7F25m6HZndADcUOo2PsiUg==",
      "dependencies": {
        "typpy": "^2.0.0"
      }
    },
    "node_modules/duplexer2": {
      "version": "0.1.4",
      "resolved": "https://registry.npmjs.org/duplexer2/-/duplexer2-0.1.4.tgz",
      "integrity": "sha512-asLFVfWWtJ90ZyOUHMqk7/S2w2guQKxUI2itj3d92ADHhxUSbCMGi1f1cBcJ7xM1To+pE/Khbwo1yuNbMEPKeA==",
      "dependencies": {
        "readable-stream": "^2.0.2"
      }
    },
    "node_modules/err": {
      "version": "1.1.1",
      "resolved": "https://registry.npmjs.org/err/-/err-1.1.1.tgz",
      "integrity": "sha512-N97Ybd2jJHVQ+Ft3Q5+C2gM3kgygkdeQmEqbN2z15UTVyyEsIwLA1VK39O1DHEJhXbwIFcJLqm6iARNhFANcQA==",
      "dependencies": {
        "typpy": "^2.2.0"
      }
    },
    "node_modules/error-ex": {
      "version": "1.3.2",
      "resolved": "https://registry.npmjs.org/error-ex/-/error-ex-1.3.2.tgz",
      "integrity": "sha512-7dFHNmqeFSEt2ZBsCriorKnn3Z2pj+fd9kmI6QoWw4//DL+icEBfc0U7qJCisqrTsKTjw4fNFy2pW9OqStD84g==",
      "dependencies": {
        "is-arrayish": "^0.2.1"
      }
    },
    "node_modules/exec-limiter": {
      "version": "3.2.13",
      "resolved": "https://registry.npmjs.org/exec-limiter/-/exec-limiter-3.2.13.tgz",
      "integrity": "sha512-86Ri699bwiHZVBzTzNj8gspqAhCPchg70zPVWIh3qzUOA1pUMcb272Em3LPk8AE0mS95B9yMJhtqF8vFJAn0dA==",
      "dependencies": {
        "limit-it": "^3.0.0",
        "typpy": "^2.1.0"
      }
    },
    "node_modules/function.name": {
      "version": "1.0.13",
      "resolved": "https://registry.npmjs.org/function.name/-/function.name-1.0.13.tgz",
      "integrity": "sha512-mVrqdoy5npWZyoXl4DxCeuVF6delDcQjVS9aPdvLYlBxtMTZDR2B5GVEQEoM1jJyspCqg3C0v4ABkLE7tp9xFA==",
      "dependencies": {
        "noop6": "^1.0.1"
      }
    },
    "node_modules/git-package-json": {
      "version": "1.4.10",
      "resolved": "https://registry.npmjs.org/git-package-json/-/git-package-json-1.4.10.tgz",
      "integrity": "sha512-DRAcvbzd2SxGK7w8OgYfvKqhFliT5keX0lmSmVdgScgf1kkl5tbbo7Pam6uYoCa1liOiipKxQZG8quCtGWl/fA==",
      "dependencies": {
        "deffy": "^2.2.1",
        "err": "^1.1.1",
        "gry": "^5.0.0",
        "normalize-package-data": "^2.3.5",
        "oargv": "^3.4.1",
        "one-by-one": "^3.1.0",
        "r-json": "^1.2.1",
        "r-package-json": "^1.0.0",
        "tmp": "0.0.28"
      }
    },
    "node_modules/git-source": {
      "version": "1.1.10",
      "resolved": "https://registry.npmjs.org/git-source/-/git-source-1.1.10.tgz",
      "integrity": "sha512-XZZ7ZgnLL35oLgM/xjnLYgtlKlxJG0FohC1kWDvGkU7s1VKGXK0pFF/g1itQEwQ3D+uTQzBnzPi8XbqOv7Wc1Q==",
      "dependencies": {
        "git-url-parse": "^5.0.1"
      }
    },
    "node_modules/git-up": {
      "version": "1.2.1",
      "resolved": "https://registry.npmjs.org/git-up/-/git-up-1.2.1.tgz",
      "integrity": "sha512-SRVN3rOLACva8imc7BFrB6ts5iISWKH1/h/1Z+JZYoUI7UVQM7gQqk4M2yxUENbq2jUUT09NEND5xwP1i7Ktlw==",
      "dependencies": {
        "is-ssh": "^1.0.0",
        "parse-url": "^1.0.0"
      }
    },
    "node_modules/git-url-parse": {
      "version": "5.0.1",
      "resolved": "https://registry.npmjs.org/git-url-parse/-/git-url-parse-5.0.1.tgz",
      "integrity": "sha512-4uSiOgrryNEMBX+gTWogenYRUh2j1D+95STTSEF2RCTgLkfJikl8c7BGr0Bn274hwuxTsbS2/FQ5pVS9FoXegQ==",
      "dependencies": {
        "git-up": "^1.0.0"
      }
    },
    "node_modules/got": {
      "version": "5.6.0",
      "resolved": "https://registry.npmjs.org/got/-/got-5.6.0.tgz",
      "integrity": "sha512-MnypzkaW8dldA8AbJFjMs7y14+ykd2V8JCLKSvX1Gmzx1alH3Y+3LArywHDoAF2wS3pnZp4gacoYtvqBeF6drQ==",
      "dependencies": {
        "create-error-class": "^3.0.1",
        "duplexer2": "^0.1.4",
        "is-plain-obj": "^1.0.0",
        "is-redirect": "^1.0.0",
        "is-retry-allowed": "^1.0.0",
        "is-stream": "^1.0.0",
        "lowercase-keys": "^1.0.0",
        "node-status-codes": "^1.0.0",
        "object-assign": "^4.0.1",
        "parse-json": "^2.1.0",
        "pinkie-promise": "^2.0.0",
        "read-all-stream": "^3.0.0",
        "readable-stream": "^2.0.5",
        "timed-out": "^2.0.0",
        "unzip-response": "^1.0.0",
        "url-parse-lax": "^1.0.0"
      },
      "engines": {
        "node": ">=0.10.0"
      }
    },
    "node_modules/gry": {
      "version": "5.0.8",
      "resolved": "https://registry.npmjs.org/gry/-/gry-5.0.8.tgz",
      "integrity": "sha512-meq9ZjYVpLzZh3ojhTg7IMad9grGsx6rUUKHLqPnhLXzJkRQvEL2U3tQpS5/WentYTtHtxkT3Ew/mb10D6F6/g==",
      "dependencies": {
        "abs": "^1.2.1",
        "exec-limiter": "^3.0.0",
        "one-by-one": "^3.0.0",
        "ul": "^5.0.0"
      }
    },
    "node_modules/has": {
      "version": "1.0.4",
      "resolved": "https://registry.npmjs.org/has/-/has-1.0.4.tgz",
      "integrity": "sha512-qdSAmqLF6209RFj4VVItywPMbm3vWylknmB3nvNiUIs72xAimcM8nVYxYr7ncvZq5qzk9MKIZR8ijqD/1QuYjQ==",
      "engines": {
        "node": ">= 0.4.0"
      }
    },
    "node_modules/hosted-git-info": {
      "version": "2.8.9",
      "resolved": "https://registry.npmjs.org/hosted-git-info/-/hosted-git-info-2.8.9.tgz",
      "integrity": "sha512-mxIDAb9Lsm6DoOJ7xH+5+X4y1LU/4Hi50L9C5sIswK3JzULS4bwk1FvjdBgvYR4bzT4tuUQiC15FE2f5HbLvYw=="
    },
    "node_modules/inherits": {
      "version": "2.0.4",
      "resolved": "https://registry.npmjs.org/inherits/-/inherits-2.0.4.tgz",
      "integrity": "sha512-k/vGaX4/Yla3WzyMCvTQOXYeIHvqOKtnqBduzTHpzpQZzAskKMhZ2K+EnBiSM9zGSoIFeMpXKxa4dYeZIQqewQ=="
    },
    "node_modules/ini": {
      "version": "1.3.8",
      "resolved": "https://registry.npmjs.org/ini/-/ini-1.3.8.tgz",
      "integrity": "sha512-JV/yugV2uzW5iMRSiZAyDtQd+nxtUnjeLt0acNdw98kKLrvuRVyB80tsREOE7yvGVgalhZ6RNXCmEHkUKBKxew=="
    },
    "node_modules/is-arrayish": {
      "version": "0.2.1",
      "resolved": "https://registry.npmjs.org/is-arrayish/-/is-arrayish-0.2.1.tgz",
      "integrity": "sha512-zz06S8t0ozoDXMG+ube26zeCTNXcKIPJZJi8hBrF4idCLms4CG9QtK7qBl1boi5ODzFpjswb5JPmHCbMpjaYzg=="
    },
    "node_modules/is-core-module": {
      "version": "2.13.0",
      "resolved": "https://registry.npmjs.org/is-core-module/-/is-core-module-2.13.0.tgz",
      "integrity": "sha512-Z7dk6Qo8pOCp3l4tsX2C5ZVas4V+UxwQodwZhLopL91TX8UyyHEXafPcyoeeWuLrwzHcr3igO78wNLwHJHsMCQ==",
      "dependencies": {
        "has": "^1.0.3"
      },
      "funding": {
        "url": "https://github.com/sponsors/ljharb"
      }
    },
    "node_modules/is-plain-obj": {
      "version": "1.1.0",
      "resolved": "https://registry.npmjs.org/is-plain-obj/-/is-plain-obj-1.1.0.tgz",
      "integrity": "sha512-yvkRyxmFKEOQ4pNXCmJG5AEQNlXJS5LaONXo5/cLdTZdWvsZ1ioJEonLGAosKlMWE8lwUy/bJzMjcw8az73+Fg==",
      "engines": {
        "node": ">=0.10.0"
      }
    },
    "node_modules/is-redirect": {
      "version": "1.0.0",
      "resolved": "https://registry.npmjs.org/is-redirect/-/is-redirect-1.0.0.tgz",
      "integrity": "sha512-cr/SlUEe5zOGmzvj9bUyC4LVvkNVAXu4GytXLNMr1pny+a65MpQ9IJzFHD5vi7FyJgb4qt27+eS3TuQnqB+RQw==",
      "engines": {
        "node": ">=0.10.0"
      }
    },
    "node_modules/is-retry-allowed": {
      "version": "1.2.0",
      "resolved": "https://registry.npmjs.org/is-retry-allowed/-/is-retry-allowed-1.2.0.tgz",
      "integrity": "sha512-RUbUeKwvm3XG2VYamhJL1xFktgjvPzL0Hq8C+6yrWIswDy3BIXGqCxhxkc30N9jqK311gVU137K8Ei55/zVJRg==",
      "engines": {
        "node": ">=0.10.0"
      }
    },
    "node_modules/is-ssh": {
      "version": "1.4.0",
      "resolved": "https://registry.npmjs.org/is-ssh/-/is-ssh-1.4.0.tgz",
      "integrity": "sha512-x7+VxdxOdlV3CYpjvRLBv5Lo9OJerlYanjwFrPR9fuGPjCiNiCzFgAWpiLAohSbsnH4ZAys3SBh+hq5rJosxUQ==",
      "dependencies": {
        "protocols": "^2.0.1"
      }
    },
    "node_modules/is-stream": {
      "version": "1.1.0",
      "resolved": "https://registry.npmjs.org/is-stream/-/is-stream-1.1.0.tgz",
      "integrity": "sha512-uQPm8kcs47jx38atAcWTVxyltQYoPT68y9aWYdV6yWXSyW8mzSat0TL6CiWdZeCdF3KrAvpVtnHbTv4RN+rqdQ==",
      "engines": {
        "node": ">=0.10.0"
      }
    },
    "node_modules/isarray": {
      "version": "1.0.0",
      "resolved": "https://registry.npmjs.org/isarray/-/isarray-1.0.0.tgz",
      "integrity": "sha512-VLghIWNM6ELQzo7zwmcg0NmTVyWKYjvIeM83yjp0wRDTmUnrM678fQbcKBo6n2CJEF0szoG//ytg+TKla89ALQ=="
    },
    "node_modules/iterate-object": {
      "version": "1.3.4",
      "resolved": "https://registry.npmjs.org/iterate-object/-/iterate-object-1.3.4.tgz",
      "integrity": "sha512-4dG1D1x/7g8PwHS9aK6QV5V94+ZvyP4+d19qDv43EzImmrndysIl4prmJ1hWWIGCqrZHyaHBm6BSEWHOLnpoNw=="
    },
    "node_modules/limit-it": {
      "version": "3.2.10",
      "resolved": "https://registry.npmjs.org/limit-it/-/limit-it-3.2.10.tgz",
      "integrity": "sha512-T0NK99pHnkimldr1WUqvbGV1oWDku/xC9J/OqzJFsV1jeOS6Bwl8W7vkeQIBqwiON9dTALws+rX/XPMQqWerDQ==",
      "dependencies": {
        "typpy": "^2.0.0"
      }
    },
    "node_modules/lowercase-keys": {
      "version": "1.0.1",
      "resolved": "https://registry.npmjs.org/lowercase-keys/-/lowercase-keys-1.0.1.tgz",
      "integrity": "sha512-G2Lj61tXDnVFFOi8VZds+SoQjtQC3dgokKdDG2mTm1tx4m50NUHBOZSBwQQHyy0V12A0JTG4icfZQH+xPyh8VA==",
      "engines": {
        "node": ">=0.10.0"
      }
    },
    "node_modules/minimist": {
      "version": "1.2.8",
      "resolved": "https://registry.npmjs.org/minimist/-/minimist-1.2.8.tgz",
      "integrity": "sha512-2yyAR8qBkN3YuheJanUpWC5U3bb5osDywNB8RzDVlDwDHbocAJveqqj1u8+SVD7jkWT4yvsHCpWqqWqAxb0zCA==",
      "funding": {
        "url": "https://github.com/sponsors/ljharb"
      }
    },
    "node_modules/node-status-codes": {
      "version": "1.0.0",
      "resolved": "https://registry.npmjs.org/node-status-codes/-/node-status-codes-1.0.0.tgz",
      "integrity": "sha512-1cBMgRxdMWE8KeWCqk2RIOrvUb0XCwYfEsY5/y2NlXyq4Y/RumnOZvTj4Nbr77+Vb2C+kyBoRTdkNOS8L3d/aQ==",
      "engines": {
        "node": ">=0.10.0"
      }
    },
    "node_modules/noop6": {
      "version": "1.0.9",
      "resolved": "https://registry.npmjs.org/noop6/-/noop6-1.0.9.tgz",
      "integrity": "sha512-DB3Hwyd89dPr5HqEPg3YHjzvwh/mCqizC1zZ8vyofqc+TQRyPDnT4wgXXbLGF4z9YAzwwTLi8pNLhGqcbSjgkA=="
    },
    "node_modules/normalize-package-data": {
      "version": "2.5.0",
      "resolved": "https://registry.npmjs.org/normalize-package-data/-/normalize-package-data-2.5.0.tgz",
      "integrity": "sha512-/5CMN3T0R4XTj4DcGaexo+roZSdSFW/0AOOTROrjxzCG1wrWXEsGbRKevjlIL+ZDE4sZlJr5ED4YW0yqmkK+eA==",
      "dependencies": {
        "hosted-git-info": "^2.1.4",
        "resolve": "^1.10.0",
        "semver": "2 || 3 || 4 || 5",
        "validate-npm-package-license": "^3.0.1"
      }
    },
    "node_modules/oargv": {
      "version": "3.4.10",
      "resolved": "https://registry.npmjs.org/oargv/-/oargv-3.4.10.tgz",
      "integrity": "sha512-SXaMANv9sr7S/dP0vj0+Ybipa47UE1ntTWQ2rpPRhC6Bsvfl+Jg03Xif7jfL0sWKOYWK8oPjcZ5eJ82t8AP/8g==",
      "dependencies": {
        "iterate-object": "^1.1.0",
        "ul": "^5.0.0"
      }
    },
    "node_modules/obj-def": {
      "version": "1.0.9",
      "resolved": "https://registry.npmjs.org/obj-def/-/obj-def-1.0.9.tgz",
      "integrity": "sha512-bQ4ya3VYD6FAA1+s6mEhaURRHSmw4+sKaXE6UyXZ1XDYc5D+c7look25dFdydmLd18epUegh398gdDkMUZI9xg==",
      "dependencies": {
        "deffy": "^2.2.2"
      }
    },
    "node_modules/object-assign": {
      "version": "4.1.1",
      "resolved": "https://registry.npmjs.org/object-assign/-/object-assign-4.1.1.tgz",
      "integrity": "sha512-rJgTQnkUnH1sFw8yT6VSU3zD3sWmu6sZhIseY8VX+GRu3P6F7Fu+JNDoXfklElbLJSnc3FUQHVe4cU5hj+BcUg==",
      "engines": {
        "node": ">=0.10.0"
      }
    },
    "node_modules/one-by-one": {
      "version": "3.2.8",
      "resolved": "https://registry.npmjs.org/one-by-one/-/one-by-one-3.2.8.tgz",
      "integrity": "sha512-HR/pSzZdm46Xqj58K+Bu64kMbSTw8/u77AwWvV+rprO/OsuR++pPlkUJn+SmwqBGRgHKwSKQ974V3uls7crIeQ==",
      "dependencies": {
        "obj-def": "^1.0.0",
        "sliced": "^1.0.1"
      }
    },
    "node_modules/os-tmpdir": {
      "version": "1.0.2",
      "resolved": "https://registry.npmjs.org/os-tmpdir/-/os-tmpdir-1.0.2.tgz",
      "integrity": "sha512-D2FR03Vir7FIu45XBY20mTb+/ZSWB00sjU9jdQXt83gDrI4Ztz5Fs7/yy74g2N5SVQY4xY1qDr4rNddwYRVX0g==",
      "engines": {
        "node": ">=0.10.0"
      }
    },
    "node_modules/package-json": {
      "version": "2.4.0",
      "resolved": "https://registry.npmjs.org/package-json/-/package-json-2.4.0.tgz",
      "integrity": "sha512-PRg65iXMTt/uK8Rfh5zvzkUbfAPitF17YaCY+IbHsYgksiLvtzWWTUildHth3mVaZ7871OJ7gtP4LBRBlmAdXg==",
      "dependencies": {
        "got": "^5.0.0",
        "registry-auth-token": "^3.0.1",
        "registry-url": "^3.0.3",
        "semver": "^5.1.0"
      },
      "engines": {
        "node": ">=0.10.0"
      }
    },
    "node_modules/package-json-path": {
      "version": "1.0.9",
      "resolved": "https://registry.npmjs.org/package-json-path/-/package-json-path-1.0.9.tgz",
      "integrity": "sha512-uNu7f6Ef7tQHZRnkyVnCtzdSYVN9uBtge/sG7wzcUaawFWkPYUq67iXxRGrQSg/q0tzxIB8jSyIYUKjG2Jn//A==",
      "dependencies": {
        "abs": "^1.2.1"
      }
    },
    "node_modules/package.json": {
      "version": "2.0.1",
      "resolved": "https://registry.npmjs.org/package.json/-/package.json-2.0.1.tgz",
      "integrity": "sha512-pSxZ6XR5yEawRN2ekxx9IKgPN5uNAYco7MCPxtBEWMKO3UKWa1X2CtQMzMgloeGj2g2o6cue3Sb5iPkByIJqlw==",
      "deprecated": "Use pkg.json instead.",
      "dependencies": {
        "git-package-json": "^1.4.0",
        "git-source": "^1.1.0",
        "package-json": "^2.3.1"
      }
    },
    "node_modules/parse-json": {
      "version": "2.2.0",
      "resolved": "https://registry.npmjs.org/parse-json/-/parse-json-2.2.0.tgz",
      "integrity": "sha512-QR/GGaKCkhwk1ePQNYDRKYZ3mwU9ypsKhB0XyFnLQdomyEqk3e8wpW3V5Jp88zbxK4n5ST1nqo+g9juTpownhQ==",
      "dependencies": {
        "error-ex": "^1.2.0"
      },
      "engines": {
        "node": ">=0.10.0"
      }
    },
    "node_modules/parse-url": {
      "version": "1.3.11",
      "resolved": "https://registry.npmjs.org/parse-url/-/parse-url-1.3.11.tgz",
      "integrity": "sha512-1wj9nkgH/5EboDxLwaTMGJh3oH3f+Gue+aGdh631oCqoSBpokzmMmOldvOeBPtB8GJBYJbaF93KPzlkU+Y1ksg==",
      "dependencies": {
        "is-ssh": "^1.3.0",
        "protocols": "^1.4.0"
      }
    },
    "node_modules/parse-url/node_modules/protocols": {
      "version": "1.4.8",
      "resolved": "https://registry.npmjs.org/protocols/-/protocols-1.4.8.tgz",
      "integrity": "sha512-IgjKyaUSjsROSO8/D49Ab7hP8mJgTYcqApOqdPhLoPxAplXmkp+zRvsrSQjFn5by0rhm4VH0GAUELIPpx7B1yg=="
    },
    "node_modules/path-parse": {
      "version": "1.0.7",
      "resolved": "https://registry.npmjs.org/path-parse/-/path-parse-1.0.7.tgz",
      "integrity": "sha512-LDJzPVEEEPR+y48z93A0Ed0yXb8pAByGWo/k5YYdYgpY2/2EsOsksJrq7lOHxryrVOn1ejG6oAp8ahvOIQD8sw=="
    },
    "node_modules/pinkie": {
      "version": "2.0.4",
      "resolved": "https://registry.npmjs.org/pinkie/-/pinkie-2.0.4.tgz",
      "integrity": "sha512-MnUuEycAemtSaeFSjXKW/aroV7akBbY+Sv+RkyqFjgAe73F+MR0TBWKBRDkmfWq/HiFmdavfZ1G7h4SPZXaCSg==",
      "engines": {
        "node": ">=0.10.0"
      }
    },
    "node_modules/pinkie-promise": {
      "version": "2.0.1",
      "resolved": "https://registry.npmjs.org/pinkie-promise/-/pinkie-promise-2.0.1.tgz",
      "integrity": "sha512-0Gni6D4UcLTbv9c57DfxDGdr41XfgUjqWZu492f0cIGr16zDU06BWP/RAEvOuo7CQ0CNjHaLlM59YJJFm3NWlw==",
      "dependencies": {
        "pinkie": "^2.0.0"
      },
      "engines": {
        "node": ">=0.10.0"
      }
    },
    "node_modules/prepend-http": {
      "version": "1.0.4",
      "resolved": "https://registry.npmjs.org/prepend-http/-/prepend-http-1.0.4.tgz",
      "integrity": "sha512-PhmXi5XmoyKw1Un4E+opM2KcsJInDvKyuOumcjjw3waw86ZNjHwVUOOWLc4bCzLdcKNaWBH9e99sbWzDQsVaYg==",
      "engines": {
        "node": ">=0.10.0"
      }
    },
    "node_modules/process-nextick-args": {
      "version": "2.0.1",
      "resolved": "https://registry.npmjs.org/process-nextick-args/-/process-nextick-args-2.0.1.tgz",
      "integrity": "sha512-3ouUOpQhtgrbOa17J7+uxOTpITYWaGP7/AhoR3+A+/1e9skrzelGi/dXzEYyvbxubEF6Wn2ypscTKiKJFFn1ag=="
    },
    "node_modules/protocols": {
      "version": "2.0.1",
      "resolved": "https://registry.npmjs.org/protocols/-/protocols-2.0.1.tgz",
      "integrity": "sha512-/XJ368cyBJ7fzLMwLKv1e4vLxOju2MNAIokcr7meSaNcVbWz/CPcW22cP04mwxOErdA5mwjA8Q6w/cdAQxVn7Q=="
    },
    "node_modules/r-json": {
      "version": "1.2.10",
      "resolved": "https://registry.npmjs.org/r-json/-/r-json-1.2.10.tgz",
      "integrity": "sha512-hu9vyLjSlHXT62NAS7DjI9WazDlvjN0lgp3n431dCVnirVcLkZIpzSwA3orhZEKzdDD2jqNYI+w0yG0aFf4kpA=="
    },
    "node_modules/r-package-json": {
      "version": "1.0.9",
      "resolved": "https://registry.npmjs.org/r-package-json/-/r-package-json-1.0.9.tgz",
      "integrity": "sha512-G4Vpf1KImWmmPFGdtWQTU0L9zk0SjqEC4qs/jE7AQ+Ylmr5kizMzGeC4wnHp5+ijPqNN+2ZPpvyjVNdN1CDVcg==",
      "dependencies": {
        "package-json-path": "^1.0.0",
        "r-json": "^1.2.1"
      }
    },
    "node_modules/rc": {
      "version": "1.2.8",
      "resolved": "https://registry.npmjs.org/rc/-/rc-1.2.8.tgz",
      "integrity": "sha512-y3bGgqKj3QBdxLbLkomlohkvsA8gdAiUQlSBJnBhfn+BPxg4bc62d8TcBW15wavDfgexCgccckhcZvywyQYPOw==",
      "dependencies": {
        "deep-extend": "^0.6.0",
        "ini": "~1.3.0",
        "minimist": "^1.2.0",
        "strip-json-comments": "~2.0.1"
      },
      "bin": {
        "rc": "cli.js"
      }
    },
    "node_modules/read-all-stream": {
      "version": "3.1.0",
      "resolved": "https://registry.npmjs.org/read-all-stream/-/read-all-stream-3.1.0.tgz",
      "integrity": "sha512-DI1drPHbmBcUDWrJ7ull/F2Qb8HkwBncVx8/RpKYFSIACYaVRQReISYPdZz/mt1y1+qMCOrfReTopERmaxtP6w==",
      "dependencies": {
        "pinkie-promise": "^2.0.0",
        "readable-stream": "^2.0.0"
      },
      "engines": {
        "node": ">=0.10.0"
      }
    },
    "node_modules/readable-stream": {
      "version": "2.3.8",
      "resolved": "https://registry.npmjs.org/readable-stream/-/readable-stream-2.3.8.tgz",
      "integrity": "sha512-8p0AUk4XODgIewSi0l8Epjs+EVnWiK7NoDIEGU0HhE7+ZyY8D1IMY7odu5lRrFXGg71L15KG8QrPmum45RTtdA==",
      "dependencies": {
        "core-util-is": "~1.0.0",
        "inherits": "~2.0.3",
        "isarray": "~1.0.0",
        "process-nextick-args": "~2.0.0",
        "safe-buffer": "~5.1.1",
        "string_decoder": "~1.1.1",
        "util-deprecate": "~1.0.1"
      }
    },
    "node_modules/registry-auth-token": {
      "version": "3.4.0",
      "resolved": "https://registry.npmjs.org/registry-auth-token/-/registry-auth-token-3.4.0.tgz",
      "integrity": "sha512-4LM6Fw8eBQdwMYcES4yTnn2TqIasbXuwDx3um+QRs7S55aMKCBKBxvPXl2RiUjHwuJLTyYfxSpmfSAjQpcuP+A==",
      "dependencies": {
        "rc": "^1.1.6",
        "safe-buffer": "^5.0.1"
      }
    },
    "node_modules/registry-url": {
      "version": "3.1.0",
      "resolved": "https://registry.npmjs.org/registry-url/-/registry-url-3.1.0.tgz",
      "integrity": "sha512-ZbgR5aZEdf4UKZVBPYIgaglBmSF2Hi94s2PcIHhRGFjKYu+chjJdYfHn4rt3hB6eCKLJ8giVIIfgMa1ehDfZKA==",
      "dependencies": {
        "rc": "^1.0.1"
      },
      "engines": {
        "node": ">=0.10.0"
      }
    },
    "node_modules/resolve": {
      "version": "1.22.6",
      "resolved": "https://registry.npmjs.org/resolve/-/resolve-1.22.6.tgz",
      "integrity": "sha512-njhxM7mV12JfufShqGy3Rz8j11RPdLy4xi15UurGJeoHLfJpVXKdh3ueuOqbYUcDZnffr6X739JBo5LzyahEsw==",
      "dependencies": {
        "is-core-module": "^2.13.0",
        "path-parse": "^1.0.7",
        "supports-preserve-symlinks-flag": "^1.0.0"
      },
      "bin": {
        "resolve": "bin/resolve"
      },
      "funding": {
        "url": "https://github.com/sponsors/ljharb"
      }
    },
    "node_modules/safe-buffer": {
      "version": "5.1.2",
      "resolved": "https://registry.npmjs.org/safe-buffer/-/safe-buffer-5.1.2.tgz",
      "integrity": "sha512-Gd2UZBJDkXlY7GbJxfsE8/nvKkUEU1G38c1siN6QP6a9PT9MmHB8GnpscSmMJSoF8LOIrt8ud/wPtojys4G6+g=="
    },
    "node_modules/semver": {
      "version": "5.7.2",
      "resolved": "https://registry.npmjs.org/semver/-/semver-5.7.2.tgz",
      "integrity": "sha512-cBznnQ9KjJqU67B52RMC65CMarK2600WFnbkcaiwWq3xy/5haFJlshgnpjovMVJ+Hff49d8GEn0b87C5pDQ10g==",
      "bin": {
        "semver": "bin/semver"
      }
    },
    "node_modules/sliced": {
      "version": "1.0.1",
      "resolved": "https://registry.npmjs.org/sliced/-/sliced-1.0.1.tgz",
      "integrity": "sha512-VZBmZP8WU3sMOZm1bdgTadsQbcscK0UM8oKxKVBs4XAhUo2Xxzm/OFMGBkPusxw9xL3Uy8LrzEqGqJhclsr0yA=="
    },
    "node_modules/spdx-correct": {
      "version": "3.2.0",
      "resolved": "https://registry.npmjs.org/spdx-correct/-/spdx-correct-3.2.0.tgz",
      "integrity": "sha512-kN9dJbvnySHULIluDHy32WHRUu3Og7B9sbY7tsFLctQkIqnMh3hErYgdMjTYuqmcXX+lK5T1lnUt3G7zNswmZA==",
      "dependencies": {
        "spdx-expression-parse": "^3.0.0",
        "spdx-license-ids": "^3.0.0"
      }
    },
    "node_modules/spdx-exceptions": {
      "version": "2.3.0",
      "resolved": "https://registry.npmjs.org/spdx-exceptions/-/spdx-exceptions-2.3.0.tgz",
      "integrity": "sha512-/tTrYOC7PPI1nUAgx34hUpqXuyJG+DTHJTnIULG4rDygi4xu/tfgmq1e1cIRwRzwZgo4NLySi+ricLkZkw4i5A=="
    },
    "node_modules/spdx-expression-parse": {
      "version": "3.0.1",
      "resolved": "https://registry.npmjs.org/spdx-expression-parse/-/spdx-expression-parse-3.0.1.tgz",
      "integrity": "sha512-cbqHunsQWnJNE6KhVSMsMeH5H/L9EpymbzqTQ3uLwNCLZ1Q481oWaofqH7nO6V07xlXwY6PhQdQ2IedWx/ZK4Q==",
      "dependencies": {
        "spdx-exceptions": "^2.1.0",
        "spdx-license-ids": "^3.0.0"
      }
    },
    "node_modules/spdx-license-ids": {
      "version": "3.0.16",
      "resolved": "https://registry.npmjs.org/spdx-license-ids/-/spdx-license-ids-3.0.16.tgz",
      "integrity": "sha512-eWN+LnM3GR6gPu35WxNgbGl8rmY1AEmoMDvL/QD6zYmPWgywxWqJWNdLGT+ke8dKNWrcYgYjPpG5gbTfghP8rw=="
    },
    "node_modules/string_decoder": {
      "version": "1.1.1",
      "resolved": "https://registry.npmjs.org/string_decoder/-/string_decoder-1.1.1.tgz",
      "integrity": "sha512-n/ShnvDi6FHbbVfviro+WojiFzv+s8MPMHBczVePfUpDJLwoLT0ht1l4YwBCbi8pJAveEEdnkHyPyTP/mzRfwg==",
      "dependencies": {
        "safe-buffer": "~5.1.0"
      }
    },
    "node_modules/strip-json-comments": {
      "version": "2.0.1",
      "resolved": "https://registry.npmjs.org/strip-json-comments/-/strip-json-comments-2.0.1.tgz",
      "integrity": "sha512-4gB8na07fecVVkOI6Rs4e7T6NOTki5EmL7TUduTs6bu3EdnSycntVJ4re8kgZA+wx9IueI2Y11bfbgwtzuE0KQ==",
      "engines": {
        "node": ">=0.10.0"
      }
    },
    "node_modules/supports-preserve-symlinks-flag": {
      "version": "1.0.0",
      "resolved": "https://registry.npmjs.org/supports-preserve-symlinks-flag/-/supports-preserve-symlinks-flag-1.0.0.tgz",
      "integrity": "sha512-ot0WnXS9fgdkgIcePe6RHNk1WA8+muPa6cSjeR3V8K27q9BB1rTE3R1p7Hv0z1ZyAc8s6Vvv8DIyWf681MAt0w==",
      "engines": {
        "node": ">= 0.4"
      },
      "funding": {
        "url": "https://github.com/sponsors/ljharb"
      }
    },
    "node_modules/timed-out": {
      "version": "2.0.0",
      "resolved": "https://registry.npmjs.org/timed-out/-/timed-out-2.0.0.tgz",
      "integrity": "sha512-pqqJOi1rF5zNs/ps4vmbE4SFCrM4iR7LW+GHAsHqO/EumqbIWceioevYLM5xZRgQSH6gFgL9J/uB7EcJhQ9niQ==",
      "engines": {
        "node": ">=0.10.0"
      }
    },
    "node_modules/tmp": {
      "version": "0.0.28",
      "resolved": "https://registry.npmjs.org/tmp/-/tmp-0.0.28.tgz",
      "integrity": "sha512-c2mmfiBmND6SOVxzogm1oda0OJ1HZVIk/5n26N59dDTh80MUeavpiCls4PGAdkX1PFkKokLpcf7prSjCeXLsJg==",
      "dependencies": {
        "os-tmpdir": "~1.0.1"
      },
      "engines": {
        "node": ">=0.4.0"
      }
    },
    "node_modules/typpy": {
      "version": "2.3.13",
      "resolved": "https://registry.npmjs.org/typpy/-/typpy-2.3.13.tgz",
      "integrity": "sha512-vOxIcQz9sxHi+rT09SJ5aDgVgrPppQjwnnayTrMye1ODaU8gIZTDM19t9TxmEElbMihx2Nq/0/b/MtyKfayRqA==",
      "dependencies": {
        "function.name": "^1.0.3"
      }
    },
    "node_modules/ul": {
      "version": "5.2.15",
      "resolved": "https://registry.npmjs.org/ul/-/ul-5.2.15.tgz",
      "integrity": "sha512-svLEUy8xSCip5IWnsRa0UOg+2zP0Wsj4qlbjTmX6GJSmvKMHADBuHOm1dpNkWqWPIGuVSqzUkV3Cris5JrlTRQ==",
      "dependencies": {
        "deffy": "^2.2.2",
        "typpy": "^2.3.4"
      }
    },
    "node_modules/unzip-response": {
      "version": "1.0.2",
      "resolved": "https://registry.npmjs.org/unzip-response/-/unzip-response-1.0.2.tgz",
      "integrity": "sha512-pwCcjjhEcpW45JZIySExBHYv5Y9EeL2OIGEfrSKp2dMUFGFv4CpvZkwJbVge8OvGH2BNNtJBx67DuKuJhf+N5Q==",
      "engines": {
        "node": ">=0.10"
      }
    },
    "node_modules/url-parse-lax": {
      "version": "1.0.0",
      "resolved": "https://registry.npmjs.org/url-parse-lax/-/url-parse-lax-1.0.0.tgz",
      "integrity": "sha512-BVA4lR5PIviy2PMseNd2jbFQ+jwSwQGdJejf5ctd1rEXt0Ypd7yanUK9+lYechVlN5VaTJGsu2U/3MDDu6KgBA==",
      "dependencies": {
        "prepend-http": "^1.0.1"
      },
      "engines": {
        "node": ">=0.10.0"
      }
    },
    "node_modules/util-deprecate": {
      "version": "1.0.2",
      "resolved": "https://registry.npmjs.org/util-deprecate/-/util-deprecate-1.0.2.tgz",
      "integrity": "sha512-EPD5q1uXyFxJpCrLnCc1nHnq3gOa6DZBocAIiI2TaSCA7VCJ1UJDMagCzIkXNsUYfD1daK//LTEQ8xiIbrHtcw=="
    },
    "node_modules/validate-npm-package-license": {
      "version": "3.0.4",
      "resolved": "https://registry.npmjs.org/validate-npm-package-license/-/validate-npm-package-license-3.0.4.tgz",
      "integrity": "sha512-DpKm2Ui/xN7/HQKCtpZxoRWBhZ9Z0kqtygG8XCgNQ8ZlDnxuQmWhj566j8fN4Cu3/JmbhsDo7fcAJq4s9h27Ew==",
      "dependencies": {
        "spdx-correct": "^3.0.0",
        "spdx-expression-parse": "^3.0.0"
      }
    }
  }
}
