{
  "name": "postject-copy",
  "version": "1.0.0",
  "lockfileVersion": 1,
  "requires": true,
  "dependencies": {
    "commander": {
      "version": "9.4.1",
      "resolved": "https://registry.npmjs.org/commander/-/commander-9.4.1.tgz",
      "integrity": "sha512-5EEkTNyHNGFPD2H+c/dXXfQZYa/scCKasxWcXJaWnNJ99pnQN9Vnmqow+p+PlFPE63Q6mThaZws1T+HxfpgtPw=="
    },
    "postject": {
      "version": "1.0.0-alpha.3",
      "resolved": "https://registry.npmjs.org/postject/-/postject-1.0.0-alpha.3.tgz",
      "integrity": "sha512-AIattc/qdnUi3jLVWE0mVgzReLAExaWHhe3PAiztjVsjD/5sWxfAWsLd5FwXLU0iM3l9viMmFlOxEcsMqI/JYQ==",
      "requires": {
        "commander": "^9.4.0"
      }
    }
  }
}
