Microsoft Visual Studio Solution File, Format Version 9.00
# Visual Studio 2005
Project("{*}") = "test", "test.vcproj", "{*}"
EndProject
Global
	GlobalSection(SolutionConfigurationPlatforms) = preSolution
		Default|Win32 = Default|Win32
	EndGlobalSection
	GlobalSection(ProjectConfigurationPlatforms) = postSolution
		{*}.Default|Win32.ActiveCfg = Default|Win32
		{*}.Default|Win32.Build.0 = Default|Win32
	EndGlobalSection
	GlobalSection(SolutionProperties) = preSolution
		HideSolutionNode = FALSE
	EndGlobalSection
EndGlobal
