{
  "name": "remark-preset-lint-node",
  "version": "1.0.2",
  "lockfileVersion": 1,
  "requires": true,
  "dependencies": {
    "co": {
      "version": "3.1.0",
      "resolved": "https://registry.npmjs.org/co/-/co-3.1.0.tgz",
      "integrity": "sha1-TqVOpaCJOBUxheFSEMaNkJK8G3g="
    },
    "irregular-plurals": {
      "version": "1.4.0",
      "resolved": "https://registry.npmjs.org/irregular-plurals/-/irregular-plurals-1.4.0.tgz",
      "integrity": "sha1-LKmwM2UREYVUEvFr5dd8YqRYp2Y="
    },
    "mdast-comment-marker": {
      "version": "1.0.2",
      "resolved": "https://registry.npmjs.org/mdast-comment-marker/-/mdast-comment-marker-1.0.2.tgz",
      "integrity": "sha1-Hd8O+BH7UkOQF8jSwLkiA18rp0o="
    },
    "mdast-util-heading-style": {
      "version": "1.0.3",
      "resolved": "https://registry.npmjs.org/mdast-util-heading-style/-/mdast-util-heading-style-1.0.3.tgz",
      "integrity": "sha1-77OQ28iqAWw89XegNJANsn7nJHw="
    },
    "mdast-util-to-string": {
      "version": "1.0.4",
      "resolved": "https://registry.npmjs.org/mdast-util-to-string/-/mdast-util-to-string-1.0.4.tgz",
      "integrity": "sha1-XEVch4yTVfDB5/PotxnPWDaRrPs="
    },
    "plur": {
      "version": "2.1.2",
      "resolved": "https://registry.npmjs.org/plur/-/plur-2.1.2.tgz",
      "integrity": "sha1-dIJFLBoPUI4+NE6uwxLJHCncZVo=",
      "requires": {
        "irregular-plurals": "1.4.0"
      }
    },
    "remark-lint": {
      "version": "6.0.1",
      "resolved": "https://registry.npmjs.org/remark-lint/-/remark-lint-6.0.1.tgz",
      "integrity": "sha512-wvTTuB5O5pF8SxqahQjjrU3dtuhygYjaGcOZTw+4ACgSE4RBINDlNqN46HjcV3X0ib5GmObJUt5a2mmhtmuTqw==",
      "requires": {
        "remark-message-control": "4.0.1"
      }
    },
    "remark-lint-blockquote-indentation": {
      "version": "1.0.1",
      "resolved": "https://registry.npmjs.org/remark-lint-blockquote-indentation/-/remark-lint-blockquote-indentation-1.0.1.tgz",
      "integrity": "sha512-YrP99MJ3+dQ5JXzq39fUOcYzwcumva/xEM1eFtD2TrQcSdlMLoqYa7gj+aEEhZCjlA5BssTiVoWWW0RjyPPGZw==",
      "requires": {
        "mdast-util-to-string": "1.0.4",
        "plur": "2.1.2",
        "unified-lint-rule": "1.0.2",
        "unist-util-generated": "1.1.1",
        "unist-util-position": "3.0.0",
        "unist-util-visit": "1.2.0"
      }
    },
    "remark-lint-checkbox-character-style": {
      "version": "1.0.1",
      "resolved": "https://registry.npmjs.org/remark-lint-checkbox-character-style/-/remark-lint-checkbox-character-style-1.0.1.tgz",
      "integrity": "sha512-AF+1UrsVyrYYbK8Mg5TXr/IxaepgMspejPKuflK+TKOYKmMxOHUjdk2kIBBulj+hZCp+yz7lq3ifr8N2Vqg9BA==",
      "requires": {
        "unified-lint-rule": "1.0.2",
        "unist-util-generated": "1.1.1",
        "unist-util-position": "3.0.0",
        "unist-util-visit": "1.2.0",
        "vfile-location": "2.0.2"
      }
    },
    "remark-lint-checkbox-content-indent": {
      "version": "1.0.1",
      "resolved": "https://registry.npmjs.org/remark-lint-checkbox-content-indent/-/remark-lint-checkbox-content-indent-1.0.1.tgz",
      "integrity": "sha512-cCPzu1HSQUevFsfJ7mmwj/v76ZWYBSbBu/GmFJE57G10BCEv1pCHuxJYjGKbXPcQXU5NTvIH9fuHWRVdM3hwdA==",
      "requires": {
        "unified-lint-rule": "1.0.2",
        "unist-util-generated": "1.1.1",
        "unist-util-position": "3.0.0",
        "unist-util-visit": "1.2.0",
        "vfile-location": "2.0.2"
      }
    },
    "remark-lint-code-block-style": {
      "version": "1.0.1",
      "resolved": "https://registry.npmjs.org/remark-lint-code-block-style/-/remark-lint-code-block-style-1.0.1.tgz",
      "integrity": "sha512-FRUMhhKwCruH4vkatdMhVO4WlYpysV1NmMILVoK/k+/7uFLSfgvlqo66nzhpMdWL8TQHqdo0LhiXuetGC2WjsQ==",
      "requires": {
        "unified-lint-rule": "1.0.2",
        "unist-util-generated": "1.1.1",
        "unist-util-position": "3.0.0",
        "unist-util-visit": "1.2.0"
      }
    },
    "remark-lint-definition-spacing": {
      "version": "1.0.1",
      "resolved": "https://registry.npmjs.org/remark-lint-definition-spacing/-/remark-lint-definition-spacing-1.0.1.tgz",
      "integrity": "sha512-ewzdlFfpTSP11ZuiOln0yfz6Y03aWtgJmLVQNfF1spaT1gURaShjs8Hiilbo719bz96DgvXSZLP6UnkSiZL1vg==",
      "requires": {
        "unified-lint-rule": "1.0.2",
        "unist-util-generated": "1.1.1",
        "unist-util-position": "3.0.0",
        "unist-util-visit": "1.2.0"
      }
    },
    "remark-lint-fenced-code-flag": {
      "version": "1.0.1",
      "resolved": "https://registry.npmjs.org/remark-lint-fenced-code-flag/-/remark-lint-fenced-code-flag-1.0.1.tgz",
      "integrity": "sha512-P24T9DRe/nnywPFRpE1UAXAVzN1CX6HmINr15UHbQZo1Cy8KYt7uV9YOR0/XzphtnO/AFenAqZyf7tchW5AUNQ==",
      "requires": {
        "unified-lint-rule": "1.0.2",
        "unist-util-generated": "1.1.1",
        "unist-util-position": "3.0.0",
        "unist-util-visit": "1.2.0"
      }
    },
    "remark-lint-fenced-code-marker": {
      "version": "1.0.1",
      "resolved": "https://registry.npmjs.org/remark-lint-fenced-code-marker/-/remark-lint-fenced-code-marker-1.0.1.tgz",
      "integrity": "sha512-mX7xAMl5m7xGX+YtOtyXIyv+egD4IQAm6DPGdfunI734QwODwcoBydtpTD56jrY+48nVcQ/anFYT1Blg3Xk3sQ==",
      "requires": {
        "unified-lint-rule": "1.0.2",
        "unist-util-generated": "1.1.1",
        "unist-util-position": "3.0.0",
        "unist-util-visit": "1.2.0"
      }
    },
    "remark-lint-file-extension": {
      "version": "1.0.1",
      "resolved": "https://registry.npmjs.org/remark-lint-file-extension/-/remark-lint-file-extension-1.0.1.tgz",
      "integrity": "sha512-K1Pf5oviaFyCs0FhZqaNZ2odgd5KoV6AlA4nNAMxyylB0Y6t0mYpzECoLSS5Bgxf6f8Op9YbuM2cbjBAsv0dIA==",
      "requires": {
        "unified-lint-rule": "1.0.2"
      }
    },
    "remark-lint-final-definition": {
      "version": "1.0.1",
      "resolved": "https://registry.npmjs.org/remark-lint-final-definition/-/remark-lint-final-definition-1.0.1.tgz",
      "integrity": "sha512-DK6bphJdQ0xSOQAn+8wOyLIVc3SZW2+ZzCMCLkQnVtHiQ9GHMzFiCkeE3Cq+OClsMI5Yn8wFTHZHPUn58VhNEQ==",
      "requires": {
        "unified-lint-rule": "1.0.2",
        "unist-util-generated": "1.1.1",
        "unist-util-position": "3.0.0",
        "unist-util-visit": "1.2.0"
      }
    },
    "remark-lint-final-newline": {
      "version": "1.0.1",
      "resolved": "https://registry.npmjs.org/remark-lint-final-newline/-/remark-lint-final-newline-1.0.1.tgz",
      "integrity": "sha512-neztZuEBw2ka9N35Ap0ZfBqPPA/TNSksGQNq0G9VWL370+s+6k+GUEaq7cjcQACYt310oWl4bx5ukbmo/7L5WA==",
      "requires": {
        "unified-lint-rule": "1.0.2"
      }
    },
    "remark-lint-first-heading-level": {
      "version": "1.1.1",
      "resolved": "https://registry.npmjs.org/remark-lint-first-heading-level/-/remark-lint-first-heading-level-1.1.1.tgz",
      "integrity": "sha512-R11L8arXZy+uAZIioSRVWhp4f6Oere/Q071INTX8g4uvuZrC/uKDjxa3iZ6dlWCfLijC0z/s2JbeqwYbV5QrCA==",
      "requires": {
        "unified-lint-rule": "1.0.2",
        "unist-util-generated": "1.1.1",
        "unist-util-visit": "1.2.0"
      }
    },
    "remark-lint-hard-break-spaces": {
      "version": "1.0.2",
      "resolved": "https://registry.npmjs.org/remark-lint-hard-break-spaces/-/remark-lint-hard-break-spaces-1.0.2.tgz",
      "integrity": "sha512-uh7LqHgRPCphiCvRzBVA4D0Ml2IqPaw89lWJdQ6HvYiV8ChB/OFLBapHi6OKW7NVVVPPJsElPMB/UPUsKFaPTg==",
      "requires": {
        "unified-lint-rule": "1.0.2",
        "unist-util-generated": "1.1.1",
        "unist-util-position": "3.0.0",
        "unist-util-visit": "1.2.0"
      }
    },
    "remark-lint-heading-style": {
      "version": "1.0.1",
      "resolved": "https://registry.npmjs.org/remark-lint-heading-style/-/remark-lint-heading-style-1.0.1.tgz",
      "integrity": "sha512-m9Gqr091YdxUtG69xdXYH8fSd3+nsrsMamB/qSWpVSZuWQKZ1mRotr1LO9NphJh6vhw8IfBtG07wgEDn6b40sQ==",
      "requires": {
        "mdast-util-heading-style": "1.0.3",
        "unified-lint-rule": "1.0.2",
        "unist-util-generated": "1.1.1",
        "unist-util-visit": "1.2.0"
      }
    },
    "remark-lint-no-auto-link-without-protocol": {
      "version": "1.0.1",
      "resolved": "https://registry.npmjs.org/remark-lint-no-auto-link-without-protocol/-/remark-lint-no-auto-link-without-protocol-1.0.1.tgz",
      "integrity": "sha512-MHl0hNtF8Rc0lg6iuVP7/0rnp4uZadm3S07/1TiFeqzU22KFxxzcC8980Q4+I8oPZE0d1x80h9DmkNAVFwhDjQ==",
      "requires": {
        "mdast-util-to-string": "1.0.4",
        "unified-lint-rule": "1.0.2",
        "unist-util-generated": "1.1.1",
        "unist-util-position": "3.0.0",
        "unist-util-visit": "1.2.0"
      }
    },
    "remark-lint-no-blockquote-without-caret": {
      "version": "1.0.0",
      "resolved": "https://registry.npmjs.org/remark-lint-no-blockquote-without-caret/-/remark-lint-no-blockquote-without-caret-1.0.0.tgz",
      "integrity": "sha1-gd0i3V8EVOupwqU3u6Jgh0ShrW8=",
      "requires": {
        "unified-lint-rule": "1.0.2",
        "unist-util-generated": "1.1.1",
        "unist-util-position": "3.0.0",
        "unist-util-visit": "1.2.0",
        "vfile-location": "2.0.2"
      }
    },
    "remark-lint-no-duplicate-definitions": {
      "version": "1.0.1",
      "resolved": "https://registry.npmjs.org/remark-lint-no-duplicate-definitions/-/remark-lint-no-duplicate-definitions-1.0.1.tgz",
      "integrity": "sha512-3I0V3UVJ0gkDKZahSZ0xdFmklecr5SMwXcWbVBzXvHR59LqgjMVHFI7G/QZ6k2imOl1X22YVRz+mpMjacu2Ipw==",
      "requires": {
        "unified-lint-rule": "1.0.2",
        "unist-util-generated": "1.1.1",
        "unist-util-position": "3.0.0",
        "unist-util-visit": "1.2.0"
      }
    },
    "remark-lint-no-file-name-articles": {
      "version": "1.0.1",
      "resolved": "https://registry.npmjs.org/remark-lint-no-file-name-articles/-/remark-lint-no-file-name-articles-1.0.1.tgz",
      "integrity": "sha512-SzebnFnilrsINA6QZP1YqPa3SrfSotrLkRWl5FUCoVshBvEFNKJFWXj6Xyt4NjWQ5tJWFtOMysAuHdGT+Odhjg==",
      "requires": {
        "unified-lint-rule": "1.0.2"
      }
    },
    "remark-lint-no-file-name-consecutive-dashes": {
      "version": "1.0.1",
      "resolved": "https://registry.npmjs.org/remark-lint-no-file-name-consecutive-dashes/-/remark-lint-no-file-name-consecutive-dashes-1.0.1.tgz",
      "integrity": "sha512-YP2HBwA00yeD7phvxp4ftiqbfBPfYHPgPfcEcb8oNa1WlUh/58cs9DbSHWKsZG+XLkvEaheC6qUQG02jEKZHPA==",
      "requires": {
        "unified-lint-rule": "1.0.2"
      }
    },
    "remark-lint-no-file-name-outer-dashes": {
      "version": "1.0.2",
      "resolved": "https://registry.npmjs.org/remark-lint-no-file-name-outer-dashes/-/remark-lint-no-file-name-outer-dashes-1.0.2.tgz",
      "integrity": "sha512-BVEwLrA4kipalgKrxhncpgtmh6eUmHBH1ggC+X3csYR4X5vXv4vHQqpov4I1vMyWxMLMBnq7lTL3Iqp0CS4vwg==",
      "requires": {
        "unified-lint-rule": "1.0.2"
      }
    },
    "remark-lint-no-heading-content-indent": {
      "version": "1.0.1",
      "resolved": "https://registry.npmjs.org/remark-lint-no-heading-content-indent/-/remark-lint-no-heading-content-indent-1.0.1.tgz",
      "integrity": "sha512-VHOqVx3Qb9tckHu/DkpQjBqlXQHcfabKaSuiXdeH+G0sfgWOxL0KCmA6fsUqUdj7xJ8Q7YpH/c3wb3nZ/85d+Q==",
      "requires": {
        "mdast-util-heading-style": "1.0.3",
        "plur": "2.1.2",
        "unified-lint-rule": "1.0.2",
        "unist-util-generated": "1.1.1",
        "unist-util-position": "3.0.0",
        "unist-util-visit": "1.2.0"
      }
    },
    "remark-lint-no-heading-indent": {
      "version": "1.0.1",
      "resolved": "https://registry.npmjs.org/remark-lint-no-heading-indent/-/remark-lint-no-heading-indent-1.0.1.tgz",
      "integrity": "sha512-NbNZQj+/S6v510FscCTjg/du3KzI0p2CHzqlHRw+4Evryo1O9G7cgSaTT8TC4Eb/h4gGFAPwXuaSKW8noWWBcQ==",
      "requires": {
        "plur": "2.1.2",
        "unified-lint-rule": "1.0.2",
        "unist-util-generated": "1.1.1",
        "unist-util-position": "3.0.0",
        "unist-util-visit": "1.2.0"
      }
    },
    "remark-lint-no-inline-padding": {
      "version": "1.0.1",
      "resolved": "https://registry.npmjs.org/remark-lint-no-inline-padding/-/remark-lint-no-inline-padding-1.0.1.tgz",
      "integrity": "sha512-nRl6vA45ZPdMz3/rVMZw7WRRqLFuMrzhdkrbrGLjwBovdIeD/IGCEbDA5NR60g2xT9V5dAmKogvHEH1bIr8SdQ==",
      "requires": {
        "mdast-util-to-string": "1.0.4",
        "unified-lint-rule": "1.0.2",
        "unist-util-generated": "1.1.1",
        "unist-util-visit": "1.2.0"
      }
    },
    "remark-lint-no-multiple-toplevel-headings": {
      "version": "1.0.1",
      "resolved": "https://registry.npmjs.org/remark-lint-no-multiple-toplevel-headings/-/remark-lint-no-multiple-toplevel-headings-1.0.1.tgz",
      "integrity": "sha512-LFfgjF3NKFkt0tGNnJ8Exf8+DrVcMRwek5qu5mvh2KrZnmSpm5flYWzUy2UnnIyicDL3CZYC/r3Fjz6CeBYgZA==",
      "requires": {
        "unified-lint-rule": "1.0.2",
        "unist-util-generated": "1.1.1",
        "unist-util-position": "3.0.0",
        "unist-util-visit": "1.2.0"
      }
    },
    "remark-lint-no-shell-dollars": {
      "version": "1.0.1",
      "resolved": "https://registry.npmjs.org/remark-lint-no-shell-dollars/-/remark-lint-no-shell-dollars-1.0.1.tgz",
      "integrity": "sha512-YryHem73PTxjCkuC4HONJWHsmrLyXmF7r+cCH36Ys3vuWsfAbwkbOwpyuPB4KXn+6fHaTUfz/B5BPp3iwzJwyA==",
      "requires": {
        "unified-lint-rule": "1.0.2",
        "unist-util-generated": "1.1.1",
        "unist-util-visit": "1.2.0"
      }
    },
    "remark-lint-no-shortcut-reference-image": {
      "version": "1.0.1",
      "resolved": "https://registry.npmjs.org/remark-lint-no-shortcut-reference-image/-/remark-lint-no-shortcut-reference-image-1.0.1.tgz",
      "integrity": "sha512-nUQ+4xB5hKZTCl9gvg7c+W1T3ddsnjgu4zwRza2Bn+21cKmUzx+z9dvlZ4aVuNGmxuWHbKI8/ZkKuB8Eu27vJw==",
      "requires": {
        "unified-lint-rule": "1.0.2",
        "unist-util-generated": "1.1.1",
        "unist-util-visit": "1.2.0"
      }
    },
    "remark-lint-no-table-indentation": {
      "version": "1.0.1",
      "resolved": "https://registry.npmjs.org/remark-lint-no-table-indentation/-/remark-lint-no-table-indentation-1.0.1.tgz",
      "integrity": "sha512-QrtT1GvJmAoNsWh+gmHFajFlM+ubm9rd3Cbz2OYPix8ZM6g907aIfG2NusJFXL9D8/CExQWYhlBvelFBbHgqbQ==",
      "requires": {
        "unified-lint-rule": "1.0.2",
        "unist-util-generated": "1.1.1",
        "unist-util-position": "3.0.0",
        "unist-util-visit": "1.2.0"
      }
    },
    "remark-lint-no-tabs": {
      "version": "1.0.1",
      "resolved": "https://registry.npmjs.org/remark-lint-no-tabs/-/remark-lint-no-tabs-1.0.1.tgz",
      "integrity": "sha512-sFNCjz3MpX2TKo4vvo9s6iX8C0MsTmw10iC0F6mk3FKZ694bkHnEQOPhz5oyZIodV+QJ2wKqpZkuyXruIshjtA==",
      "requires": {
        "unified-lint-rule": "1.0.2",
        "vfile-location": "2.0.2"
      }
    },
    "remark-lint-no-unused-definitions": {
      "version": "1.0.1",
      "resolved": "https://registry.npmjs.org/remark-lint-no-unused-definitions/-/remark-lint-no-unused-definitions-1.0.1.tgz",
      "integrity": "sha512-weNwWXvoSBmB3L2Yh8oxY0ylF6L5b/PjFbOhzBU4SlnpFOMfTn3rwNxOxbTrDS8MG2JTPVTaFn4ajXr/zkbH0Q==",
      "requires": {
        "unified-lint-rule": "1.0.2",
        "unist-util-generated": "1.1.1",
        "unist-util-visit": "1.2.0"
      }
    },
    "remark-lint-prohibited-strings": {
      "version": "1.0.0",
      "resolved": "https://registry.npmjs.org/remark-lint-prohibited-strings/-/remark-lint-prohibited-strings-1.0.0.tgz",
      "integrity": "sha512-FXqOBjU36+67l3y3RwtACrXdMUusANgyj+kDx6vlXYP8OfaRRjYNse51AcCiNQKR3XHgbGKxEklUHMJFKWfe7A==",
      "requires": {
        "unified-lint-rule": "1.0.2",
        "unist-util-visit": "1.2.0"
      }
    },
    "remark-lint-rule-style": {
      "version": "1.0.1",
      "resolved": "https://registry.npmjs.org/remark-lint-rule-style/-/remark-lint-rule-style-1.0.1.tgz",
      "integrity": "sha512-dzH+K6DcPIIMBq6LUQgE4dR9TiQGZrQOoULD7m0Y0lIb2EoR2FK5Zd4TgZg/LnvTs6fid37t0xFoaY4/lXV/5Q==",
      "requires": {
        "unified-lint-rule": "1.0.2",
        "unist-util-generated": "1.1.1",
        "unist-util-position": "3.0.0",
        "unist-util-visit": "1.2.0"
      }
    },
    "remark-lint-strong-marker": {
      "version": "1.0.1",
      "resolved": "https://registry.npmjs.org/remark-lint-strong-marker/-/remark-lint-strong-marker-1.0.1.tgz",
      "integrity": "sha512-+bwWKWAqDwqd21Vw+ndqVFh5V27Dp4MKhk9AUlKmcvgJYHuvQ8UfWQdpZcP218ps/4EbwTfyi33TaPyXqOTlXA==",
      "requires": {
        "unified-lint-rule": "1.0.2",
        "unist-util-generated": "1.1.1",
        "unist-util-position": "3.0.0",
        "unist-util-visit": "1.2.0"
      }
    },
    "remark-lint-table-cell-padding": {
      "version": "1.0.1",
      "resolved": "https://registry.npmjs.org/remark-lint-table-cell-padding/-/remark-lint-table-cell-padding-1.0.1.tgz",
      "integrity": "sha512-o3WwC9YysXbQKf0D5nvhhJPcLagqedLwGdifukdgyaKvuIQVbtWbNv1/UOdB3LL+D+2fUrwrCmnQ8J3E1r0lBw==",
      "requires": {
        "unified-lint-rule": "1.0.2",
        "unist-util-generated": "1.1.1",
        "unist-util-position": "3.0.0",
        "unist-util-visit": "1.2.0"
      }
    },
    "remark-lint-table-pipes": {
      "version": "1.0.1",
      "resolved": "https://registry.npmjs.org/remark-lint-table-pipes/-/remark-lint-table-pipes-1.0.1.tgz",
      "integrity": "sha512-VHfDRvcovLBl/cvSjwDoA0xRizdZU33A6F2qFD9A5hu1sDWgGxMLg5m2MOvFlRkUVxSwUv47cuD0/yxB4THYXQ==",
      "requires": {
        "unified-lint-rule": "1.0.2",
        "unist-util-generated": "1.1.1",
        "unist-util-position": "3.0.0",
        "unist-util-visit": "1.2.0"
      }
    },
    "remark-message-control": {
      "version": "4.0.1",
      "resolved": "https://registry.npmjs.org/remark-message-control/-/remark-message-control-4.0.1.tgz",
      "integrity": "sha1-KRPNYLMW2fnzkKp/NGOdIM9VmW0=",
      "requires": {
        "mdast-comment-marker": "1.0.2",
        "trim": "0.0.1",
        "unist-util-visit": "1.2.0",
        "vfile-location": "2.0.2"
      }
    },
    "sliced": {
      "version": "1.0.1",
      "resolved": "https://registry.npmjs.org/sliced/-/sliced-1.0.1.tgz",
      "integrity": "sha1-CzpmK10Ewxd7GSa+qCsD+Dei70E="
    },
    "trim": {
      "version": "0.0.1",
      "resolved": "https://registry.npmjs.org/trim/-/trim-0.0.1.tgz",
      "integrity": "sha1-WFhUf2spB1fulczMZm+1AITEYN0="
    },
    "unified-lint-rule": {
      "version": "1.0.2",
      "resolved": "https://registry.npmjs.org/unified-lint-rule/-/unified-lint-rule-1.0.2.tgz",
      "integrity": "sha512-WkqwMC1aijHE17W3Z1co7aTI+Dzo1jHdwhI66fTClU1yOTbzAsTqlOD6eeR/MI9235Y3nu2jMDcm8GCeq4gaLg==",
      "requires": {
        "wrapped": "1.0.1"
      }
    },
    "unist-util-generated": {
      "version": "1.1.1",
      "resolved": "https://registry.npmjs.org/unist-util-generated/-/unist-util-generated-1.1.1.tgz",
      "integrity": "sha1-mfFseJWayFTe58YVwpGSTIv03n8="
    },
    "unist-util-is": {
      "version": "2.1.1",
      "resolved": "https://registry.npmjs.org/unist-util-is/-/unist-util-is-2.1.1.tgz",
      "integrity": "sha1-DDEmKeP5YMZukx6BLT2A53AQlHs="
    },
    "unist-util-position": {
      "version": "3.0.0",
      "resolved": "https://registry.npmjs.org/unist-util-position/-/unist-util-position-3.0.0.tgz",
      "integrity": "sha1-5uHgPu64HF4a/lU+jUrfvXwNj4I="
    },
    "unist-util-visit": {
      "version": "1.2.0",
      "resolved": "https://registry.npmjs.org/unist-util-visit/-/unist-util-visit-1.2.0.tgz",
      "integrity": "sha512-lI+jyPlDztHZ2CJhUchcRMQ7MNc0yASgYFxwRTxs0EZ+9HbYFBLVGDJ2FchTBy+pra0O1LVEn0Wkgf19mDVDzw==",
      "requires": {
        "unist-util-is": "2.1.1"
      }
    },
    "vfile-location": {
      "version": "2.0.2",
      "resolved": "https://registry.npmjs.org/vfile-location/-/vfile-location-2.0.2.tgz",
      "integrity": "sha1-02dcWch3SY5JK0dW/2Xkrxp1IlU="
    },
    "wrapped": {
      "version": "1.0.1",
      "resolved": "https://registry.npmjs.org/wrapped/-/wrapped-1.0.1.tgz",
      "integrity": "sha1-x4PZ2Aeyc+mwHoUWgKk4yHyQckI=",
      "requires": {
        "co": "3.1.0",
        "sliced": "1.0.1"
      }
    }
  }
}
