
Microsoft Visual Studio Solution File, Format Version 11.00
# Visual Studio 2010
Project("{930C7802-8A8C-48F9-8165-68863BCCD9DD}") = "nodemsi", "nodemsi.wixproj", "{1D808FF0-B5A9-4BE9-859D-B334B6F48BE2}"
EndProject
Project("{8BC9CEB8-8B4A-11D0-8D11-00A0C91BC942}") = "custom_actions", "custom_actions.vcxproj", "{B70585F8-DAB7-40FA-9904-13CF53A73A06}"
EndProject
Global
	GlobalSection(SolutionConfigurationPlatforms) = preSolution
		Debug|x64 = Debug|x64
		Debug|x86 = Debug|x86
		Release|x64 = Release|x64
		Release|x86 = Release|x86
	EndGlobalSection
	GlobalSection(ProjectConfigurationPlatforms) = postSolution
		{1D808FF0-B5A9-4BE9-859D-B334B6F48BE2}.Debug|x64.ActiveCfg = Debug|x64
		{1D808FF0-B5A9-4BE9-859D-B334B6F48BE2}.Debug|x64.Build.0 = Debug|x64
		{1D808FF0-B5A9-4BE9-859D-B334B6F48BE2}.Debug|x86.ActiveCfg = Debug|x86
		{1D808FF0-B5A9-4BE9-859D-B334B6F48BE2}.Debug|x86.Build.0 = Debug|x86
		{1D808FF0-B5A9-4BE9-859D-B334B6F48BE2}.Release|x64.ActiveCfg = Release|x64
		{1D808FF0-B5A9-4BE9-859D-B334B6F48BE2}.Release|x64.Build.0 = Release|x64
		{1D808FF0-B5A9-4BE9-859D-B334B6F48BE2}.Release|x86.ActiveCfg = Release|x86
		{1D808FF0-B5A9-4BE9-859D-B334B6F48BE2}.Release|x86.Build.0 = Release|x86
		{B70585F8-DAB7-40FA-9904-13CF53A73A06}.Debug|x64.ActiveCfg = Debug|x64
		{B70585F8-DAB7-40FA-9904-13CF53A73A06}.Debug|x64.Build.0 = Debug|x64
		{B70585F8-DAB7-40FA-9904-13CF53A73A06}.Debug|x86.ActiveCfg = Debug|Win32
		{B70585F8-DAB7-40FA-9904-13CF53A73A06}.Debug|x86.Build.0 = Debug|Win32
		{B70585F8-DAB7-40FA-9904-13CF53A73A06}.Release|x64.ActiveCfg = Release|x64
		{B70585F8-DAB7-40FA-9904-13CF53A73A06}.Release|x64.Build.0 = Release|x64
		{B70585F8-DAB7-40FA-9904-13CF53A73A06}.Release|x86.ActiveCfg = Release|Win32
		{B70585F8-DAB7-40FA-9904-13CF53A73A06}.Release|x86.Build.0 = Release|Win32
	EndGlobalSection
	GlobalSection(SolutionProperties) = preSolution
		HideSolutionNode = FALSE
	EndGlobalSection
EndGlobal
