{
  "name": "clang-format",
  "version": "1.0.0",
  "lockfileVersion": 2,
  "requires": true,
  "packages": {
    "": {
      "dependencies": {
        "clang-format-git-python": "^1.2.0-canary.0"
      }
    },
    "node_modules/clang-format-git-python": {
      "version": "1.2.0-canary.0",
      "resolved": "https://registry.npmjs.org/clang-format-git-python/-/clang-format-git-python-1.2.0-canary.0.tgz",
      "integrity": "sha512-O6fJqpjZT2cbUiGoTLxfj686203WEm+upI241cbFUwD8GwV1yZ3U4GxPaLdsL1eb6QyQGq7pamaxjSczSrk4Xw==",
      "hasInstallScript": true,
      "license": "MIT",
      "dependencies": {
        "clang-format-node": "^1.2.0-canary.0"
      },
      "bin": {
        "clang-format-git-python": "build/cli.js",
        "git-clang-format": "build/cli.js"
      },
      "engines": {
        "node": ">=16"
      }
    },
    "node_modules/clang-format-node": {
      "version": "1.2.0-canary.0",
      "resolved": "https://registry.npmjs.org/clang-format-node/-/clang-format-node-1.2.0-canary.0.tgz",
      "integrity": "sha512-3PMPDmu8TcuR4aanbT3cs2JWoRFd49D8xpufg3Wek6BagbQaqe3aitBAh9MuY1TKtGwgC2gcpknqQgFAq4Zg5A==",
      "hasInstallScript": true,
      "license": "MIT",
      "bin": {
        "clang-format": "build/cli.js",
        "clang-format-node": "build/cli.js"
      },
      "engines": {
        "node": ">=16"
      }
    }
  },
  "dependencies": {
    "clang-format-git-python": {
      "version": "1.2.0-canary.0",
      "resolved": "https://registry.npmjs.org/clang-format-git-python/-/clang-format-git-python-1.2.0-canary.0.tgz",
      "integrity": "sha512-O6fJqpjZT2cbUiGoTLxfj686203WEm+upI241cbFUwD8GwV1yZ3U4GxPaLdsL1eb6QyQGq7pamaxjSczSrk4Xw==",
      "requires": {
        "clang-format-node": "^1.2.0-canary.0"
      }
    },
    "clang-format-node": {
      "version": "1.2.0-canary.0",
      "resolved": "https://registry.npmjs.org/clang-format-node/-/clang-format-node-1.2.0-canary.0.tgz",
      "integrity": "sha512-3PMPDmu8TcuR4aanbT3cs2JWoRFd49D8xpufg3Wek6BagbQaqe3aitBAh9MuY1TKtGwgC2gcpknqQgFAq4Zg5A=="
    }
  }
}
